// !$*UTF8*$!
{
	archiveVersion = 1;
	classes = {
	};
	objectVersion = 55;
	objects = {

/* Begin PBXBuildFile section */
		5501E15A28B8F03300C486D3 /* HomeViewController.swift in Sources */ = {isa = PBXBuildFile; fileRef = 5501E15928B8F03200C486D3 /* HomeViewController.swift */; };
		5501E15C28B8F04600C486D3 /* ListViewController.swift in Sources */ = {isa = PBXBuildFile; fileRef = 5501E15B28B8F04600C486D3 /* ListViewController.swift */; };
		5501E15E28B8F06100C486D3 /* CalendarViewController.swift in Sources */ = {isa = PBXBuildFile; fileRef = 5501E15D28B8F06100C486D3 /* CalendarViewController.swift */; };
		5501E16028B8F07000C486D3 /* StatisticsViewController.swift in Sources */ = {isa = PBXBuildFile; fileRef = 5501E15F28B8F07000C486D3 /* StatisticsViewController.swift */; };
		5501E16228B8F07C00C486D3 /* SettingsViewController.swift in Sources */ = {isa = PBXBuildFile; fileRef = 5501E16128B8F07C00C486D3 /* SettingsViewController.swift */; };
		553DBFAA28B92AA10030E6C4 /* Colors.xcassets in Resources */ = {isa = PBXBuildFile; fileRef = 554DA28128B8CA8E0026FF25 /* Colors.xcassets */; };
		553DBFAE28B930B30030E6C4 /* Images.xcassets in Resources */ = {isa = PBXBuildFile; fileRef = 553DBFAD28B930B30030E6C4 /* Images.xcassets */; };
		553DBFB428B937900030E6C4 /* ListItemCell.swift in Sources */ = {isa = PBXBuildFile; fileRef = 553DBFB228B937900030E6C4 /* ListItemCell.swift */; };
		553DBFB528B937900030E6C4 /* ListItemCell.xib in Resources */ = {isa = PBXBuildFile; fileRef = 553DBFB328B937900030E6C4 /* ListItemCell.xib */; };
		554DA27928B8CA8A0026FF25 /* AppDelegate.swift in Sources */ = {isa = PBXBuildFile; fileRef = 554DA27828B8CA8A0026FF25 /* AppDelegate.swift */; };
		554DA27B28B8CA8A0026FF25 /* SceneDelegate.swift in Sources */ = {isa = PBXBuildFile; fileRef = 554DA27A28B8CA8A0026FF25 /* SceneDelegate.swift */; };
		554DA28028B8CA8A0026FF25 /* Main.storyboard in Resources */ = {isa = PBXBuildFile; fileRef = 554DA27E28B8CA8A0026FF25 /* Main.storyboard */; };
		554DA28528B8CA8E0026FF25 /* LaunchScreen.storyboard in Resources */ = {isa = PBXBuildFile; fileRef = 554DA28328B8CA8E0026FF25 /* LaunchScreen.storyboard */; };
		AFE2A65A664B65F0D6087ED5 /* Pods_FinancePlanner.framework in Frameworks */ = {isa = PBXBuildFile; fileRef = 1BA7E4CADAED0B8B9C0F4060 /* Pods_FinancePlanner.framework */; };
/* End PBXBuildFile section */

/* Begin PBXFileReference section */
		1BA7E4CADAED0B8B9C0F4060 /* Pods_FinancePlanner.framework */ = {isa = PBXFileReference; explicitFileType = wrapper.framework; includeInIndex = 0; path = Pods_FinancePlanner.framework; sourceTree = BUILT_PRODUCTS_DIR; };
		38849F9A4664085A3481A069 /* Pods-FinancePlanner.debug.xcconfig */ = {isa = PBXFileReference; includeInIndex = 1; lastKnownFileType = text.xcconfig; name = "Pods-FinancePlanner.debug.xcconfig"; path = "Target Support Files/Pods-FinancePlanner/Pods-FinancePlanner.debug.xcconfig"; sourceTree = "<group>"; };
		5501E15928B8F03200C486D3 /* HomeViewController.swift */ = {isa = PBXFileReference; lastKnownFileType = sourcecode.swift; path = HomeViewController.swift; sourceTree = "<group>"; };
		5501E15B28B8F04600C486D3 /* ListViewController.swift */ = {isa = PBXFileReference; lastKnownFileType = sourcecode.swift; path = ListViewController.swift; sourceTree = "<group>"; };
		5501E15D28B8F06100C486D3 /* CalendarViewController.swift */ = {isa = PBXFileReference; lastKnownFileType = sourcecode.swift; path = CalendarViewController.swift; sourceTree = "<group>"; };
		5501E15F28B8F07000C486D3 /* StatisticsViewController.swift */ = {isa = PBXFileReference; lastKnownFileType = sourcecode.swift; path = StatisticsViewController.swift; sourceTree = "<group>"; };
		5501E16128B8F07C00C486D3 /* SettingsViewController.swift */ = {isa = PBXFileReference; lastKnownFileType = sourcecode.swift; path = SettingsViewController.swift; sourceTree = "<group>"; };
		553DBFAD28B930B30030E6C4 /* Images.xcassets */ = {isa = PBXFileReference; lastKnownFileType = folder.assetcatalog; path = Images.xcassets; sourceTree = "<group>"; };
		553DBFB228B937900030E6C4 /* ListItemCell.swift */ = {isa = PBXFileReference; lastKnownFileType = sourcecode.swift; path = ListItemCell.swift; sourceTree = "<group>"; };
		553DBFB328B937900030E6C4 /* ListItemCell.xib */ = {isa = PBXFileReference; lastKnownFileType = file.xib; path = ListItemCell.xib; sourceTree = "<group>"; };
		554DA27528B8CA8A0026FF25 /* FinancePlanner.app */ = {isa = PBXFileReference; explicitFileType = wrapper.application; includeInIndex = 0; path = FinancePlanner.app; sourceTree = BUILT_PRODUCTS_DIR; };
		554DA27828B8CA8A0026FF25 /* AppDelegate.swift */ = {isa = PBXFileReference; lastKnownFileType = sourcecode.swift; path = AppDelegate.swift; sourceTree = "<group>"; };
		554DA27A28B8CA8A0026FF25 /* SceneDelegate.swift */ = {isa = PBXFileReference; lastKnownFileType = sourcecode.swift; path = SceneDelegate.swift; sourceTree = "<group>"; };
		554DA27F28B8CA8A0026FF25 /* Base */ = {isa = PBXFileReference; lastKnownFileType = file.storyboard; name = Base; path = Base.lproj/Main.storyboard; sourceTree = "<group>"; };
		554DA28128B8CA8E0026FF25 /* Colors.xcassets */ = {isa = PBXFileReference; lastKnownFileType = folder.assetcatalog; path = Colors.xcassets; sourceTree = "<group>"; };
		554DA28428B8CA8E0026FF25 /* Base */ = {isa = PBXFileReference; lastKnownFileType = file.storyboard; name = Base; path = Base.lproj/LaunchScreen.storyboard; sourceTree = "<group>"; };
		554DA28628B8CA8E0026FF25 /* Info.plist */ = {isa = PBXFileReference; lastKnownFileType = text.plist.xml; path = Info.plist; sourceTree = "<group>"; };
		A5B504AC8F7B236E3D0F3F15 /* Pods-FinancePlanner.release.xcconfig */ = {isa = PBXFileReference; includeInIndex = 1; lastKnownFileType = text.xcconfig; name = "Pods-FinancePlanner.release.xcconfig"; path = "Target Support Files/Pods-FinancePlanner/Pods-FinancePlanner.release.xcconfig"; sourceTree = "<group>"; };
/* End PBXFileReference section */

/* Begin PBXFrameworksBuildPhase section */
		554DA27228B8CA8A0026FF25 /* Frameworks */ = {
			isa = PBXFrameworksBuildPhase;
			buildActionMask = 2147483647;
			files = (
				AFE2A65A664B65F0D6087ED5 /* Pods_FinancePlanner.framework in Frameworks */,
			);
			runOnlyForDeploymentPostprocessing = 0;
		};
/* End PBXFrameworksBuildPhase section */

/* Begin PBXGroup section */
		5501E14B28B8EABE00C486D3 /* Home */ = {
			isa = PBXGroup;
			children = (
				5501E15928B8F03200C486D3 /* HomeViewController.swift */,
			);
			path = Home;
			sourceTree = "<group>";
		};
		5501E14C28B8EAFC00C486D3 /* List */ = {
			isa = PBXGroup;
			children = (
				553DBFAF28B937130030E6C4 /* ListItemCell */,
				5501E15B28B8F04600C486D3 /* ListViewController.swift */,
			);
			path = List;
			sourceTree = "<group>";
		};
		5501E14D28B8EB2400C486D3 /* Settings */ = {
			isa = PBXGroup;
			children = (
				5501E16128B8F07C00C486D3 /* SettingsViewController.swift */,
			);
			path = Settings;
			sourceTree = "<group>";
		};
		5501E14E28B8EB3100C486D3 /* Statistics */ = {
			isa = PBXGroup;
			children = (
				5501E15F28B8F07000C486D3 /* StatisticsViewController.swift */,
			);
			path = Statistics;
			sourceTree = "<group>";
		};
		5501E14F28B8EB3D00C486D3 /* Calendar */ = {
			isa = PBXGroup;
			children = (
				5501E15D28B8F06100C486D3 /* CalendarViewController.swift */,
			);
			path = Calendar;
			sourceTree = "<group>";
		};
		5501E15028B8EB9800C486D3 /* Common */ = {
			isa = PBXGroup;
			children = (
				5501E15428B8EE0900C486D3 /* Managers */,
				5501E15328B8EDEB00C486D3 /* Extensions */,
				5501E15228B8EDC700C486D3 /* Controls */,
			);
			path = Common;
			sourceTree = "<group>";
		};
		5501E15128B8EBC000C486D3 /* Localizations */ = {
			isa = PBXGroup;
			children = (
			);
			path = Localizations;
			sourceTree = "<group>";
		};
		5501E15228B8EDC700C486D3 /* Controls */ = {
			isa = PBXGroup;
			children = (
			);
			path = Controls;
			sourceTree = "<group>";
		};
		5501E15328B8EDEB00C486D3 /* Extensions */ = {
			isa = PBXGroup;
			children = (
			);
			path = Extensions;
			sourceTree = "<group>";
		};
		5501E15428B8EE0900C486D3 /* Managers */ = {
			isa = PBXGroup;
			children = (
			);
			path = Managers;
			sourceTree = "<group>";
		};
		5501E15828B8EFB200C486D3 /* Resources */ = {
			isa = PBXGroup;
			children = (
				553DBFAD28B930B30030E6C4 /* Images.xcassets */,
				554DA28128B8CA8E0026FF25 /* Colors.xcassets */,
				5501E15128B8EBC000C486D3 /* Localizations */,
			);
			path = Resources;
			sourceTree = "<group>";
		};
		553DBFAF28B937130030E6C4 /* ListItemCell */ = {
			isa = PBXGroup;
			children = (
				553DBFB228B937900030E6C4 /* ListItemCell.swift */,
				553DBFB328B937900030E6C4 /* ListItemCell.xib */,
			);
			path = ListItemCell;
			sourceTree = "<group>";
		};
		554DA26C28B8CA8A0026FF25 = {
			isa = PBXGroup;
			children = (
				554DA27728B8CA8A0026FF25 /* FinancePlanner */,
				554DA27628B8CA8A0026FF25 /* Products */,
				E33230A2FD6DDC171D65D0FF /* Pods */,
				68315149A7EAA152606EEC3A /* Frameworks */,
			);
			sourceTree = "<group>";
		};
		554DA27628B8CA8A0026FF25 /* Products */ = {
			isa = PBXGroup;
			children = (
				554DA27528B8CA8A0026FF25 /* FinancePlanner.app */,
			);
			name = Products;
			sourceTree = "<group>";
		};
		554DA27728B8CA8A0026FF25 /* FinancePlanner */ = {
			isa = PBXGroup;
			children = (
				5501E15828B8EFB200C486D3 /* Resources */,
				5501E15028B8EB9800C486D3 /* Common */,
				5501E14B28B8EABE00C486D3 /* Home */,
				5501E14C28B8EAFC00C486D3 /* List */,
				5501E14F28B8EB3D00C486D3 /* Calendar */,
				5501E14E28B8EB3100C486D3 /* Statistics */,
				5501E14D28B8EB2400C486D3 /* Settings */,
				554DA27828B8CA8A0026FF25 /* AppDelegate.swift */,
				554DA27A28B8CA8A0026FF25 /* SceneDelegate.swift */,
				554DA27E28B8CA8A0026FF25 /* Main.storyboard */,
				554DA28328B8CA8E0026FF25 /* LaunchScreen.storyboard */,
				554DA28628B8CA8E0026FF25 /* Info.plist */,
			);
			path = FinancePlanner;
			sourceTree = "<group>";
		};
		68315149A7EAA152606EEC3A /* Frameworks */ = {
			isa = PBXGroup;
			children = (
				1BA7E4CADAED0B8B9C0F4060 /* Pods_FinancePlanner.framework */,
			);
			name = Frameworks;
			sourceTree = "<group>";
		};
		E33230A2FD6DDC171D65D0FF /* Pods */ = {
			isa = PBXGroup;
			children = (
				38849F9A4664085A3481A069 /* Pods-FinancePlanner.debug.xcconfig */,
				A5B504AC8F7B236E3D0F3F15 /* Pods-FinancePlanner.release.xcconfig */,
			);
			path = Pods;
			sourceTree = "<group>";
		};
/* End PBXGroup section */

/* Begin PBXNativeTarget section */
		554DA27428B8CA8A0026FF25 /* FinancePlanner */ = {
			isa = PBXNativeTarget;
			buildConfigurationList = 554DA28928B8CA8E0026FF25 /* Build configuration list for PBXNativeTarget "FinancePlanner" */;
			buildPhases = (
				1520103834CD0B23E31ECBD8 /* [CP] Check Pods Manifest.lock */,
				554DA27128B8CA8A0026FF25 /* Sources */,
				554DA27228B8CA8A0026FF25 /* Frameworks */,
				554DA27328B8CA8A0026FF25 /* Resources */,
			);
			buildRules = (
			);
			dependencies = (
			);
			name = FinancePlanner;
			productName = FinancePlanner;
			productReference = 554DA27528B8CA8A0026FF25 /* FinancePlanner.app */;
			productType = "com.apple.product-type.application";
		};
/* End PBXNativeTarget section */

/* Begin PBXProject section */
		554DA26D28B8CA8A0026FF25 /* Project object */ = {
			isa = PBXProject;
			attributes = {
				BuildIndependentTargetsInParallel = 1;
				LastSwiftUpdateCheck = 1310;
				LastUpgradeCheck = 1310;
				TargetAttributes = {
					554DA27428B8CA8A0026FF25 = {
						CreatedOnToolsVersion = 13.1;
					};
				};
			};
			buildConfigurationList = 554DA27028B8CA8A0026FF25 /* Build configuration list for PBXProject "FinancePlanner" */;
			compatibilityVersion = "Xcode 13.0";
			developmentRegion = en;
			hasScannedForEncodings = 0;
			knownRegions = (
				en,
				Base,
			);
			mainGroup = 554DA26C28B8CA8A0026FF25;
			productRefGroup = 554DA27628B8CA8A0026FF25 /* Products */;
			projectDirPath = "";
			projectRoot = "";
			targets = (
				554DA27428B8CA8A0026FF25 /* FinancePlanner */,
			);
		};
/* End PBXProject section */

/* Begin PBXResourcesBuildPhase section */
		554DA27328B8CA8A0026FF25 /* Resources */ = {
			isa = PBXResourcesBuildPhase;
			buildActionMask = 2147483647;
			files = (
				553DBFAA28B92AA10030E6C4 /* Colors.xcassets in Resources */,
				553DBFB528B937900030E6C4 /* ListItemCell.xib in Resources */,
				553DBFAE28B930B30030E6C4 /* Images.xcassets in Resources */,
				554DA28528B8CA8E0026FF25 /* LaunchScreen.storyboard in Resources */,
				554DA28028B8CA8A0026FF25 /* Main.storyboard in Resources */,
			);
			runOnlyForDeploymentPostprocessing = 0;
		};
/* End PBXResourcesBuildPhase section */

/* Begin PBXShellScriptBuildPhase section */
		1520103834CD0B23E31ECBD8 /* [CP] Check Pods Manifest.lock */ = {
			isa = PBXShellScriptBuildPhase;
			buildActionMask = 2147483647;
			files = (
			);
			inputFileListPaths = (
			);
			inputPaths = (
				"${PODS_PODFILE_DIR_PATH}/Podfile.lock",
				"${PODS_ROOT}/Manifest.lock",
			);
			name = "[CP] Check Pods Manifest.lock";
			outputFileListPaths = (
			);
			outputPaths = (
				"$(DERIVED_FILE_DIR)/Pods-FinancePlanner-checkManifestLockResult.txt",
			);
			runOnlyForDeploymentPostprocessing = 0;
			shellPath = /bin/sh;
			shellScript = "diff \"${PODS_PODFILE_DIR_PATH}/Podfile.lock\" \"${PODS_ROOT}/Manifest.lock\" > /dev/null\nif [ $? != 0 ] ; then\n    # print error to STDERR\n    echo \"error: The sandbox is not in sync with the Podfile.lock. Run 'pod install' or update your CocoaPods installation.\" >&2\n    exit 1\nfi\n# This output is used by Xcode 'outputs' to avoid re-running this script phase.\necho \"SUCCESS\" > \"${SCRIPT_OUTPUT_FILE_0}\"\n";
			showEnvVarsInLog = 0;
		};
/* End PBXShellScriptBuildPhase section */

/* Begin PBXSourcesBuildPhase section */
		554DA27128B8CA8A0026FF25 /* Sources */ = {
			isa = PBXSourcesBuildPhase;
			buildActionMask = 2147483647;
			files = (
				553DBFB428B937900030E6C4 /* ListItemCell.swift in Sources */,
				5501E15E28B8F06100C486D3 /* CalendarViewController.swift in Sources */,
				554DA27928B8CA8A0026FF25 /* AppDelegate.swift in Sources */,
				5501E16228B8F07C00C486D3 /* SettingsViewController.swift in Sources */,
				554DA27B28B8CA8A0026FF25 /* SceneDelegate.swift in Sources */,
				5501E16028B8F07000C486D3 /* StatisticsViewController.swift in Sources */,
				5501E15C28B8F04600C486D3 /* ListViewController.swift in Sources */,
				5501E15A28B8F03300C486D3 /* HomeViewController.swift in Sources */,
			);
			runOnlyForDeploymentPostprocessing = 0;
		};
/* End PBXSourcesBuildPhase section */

/* Begin PBXVariantGroup section */
		554DA27E28B8CA8A0026FF25 /* Main.storyboard */ = {
			isa = PBXVariantGroup;
			children = (
				554DA27F28B8CA8A0026FF25 /* Base */,
			);
			name = Main.storyboard;
			sourceTree = "<group>";
		};
		554DA28328B8CA8E0026FF25 /* LaunchScreen.storyboard */ = {
			isa = PBXVariantGroup;
			children = (
				554DA28428B8CA8E0026FF25 /* Base */,
			);
			name = LaunchScreen.storyboard;
			sourceTree = "<group>";
		};
/* End PBXVariantGroup section */

/* Begin XCBuildConfiguration section */
		554DA28728B8CA8E0026FF25 /* Debug */ = {
			isa = XCBuildConfiguration;
			buildSettings = {
				ALWAYS_SEARCH_USER_PATHS = NO;
				CLANG_ANALYZER_NONNULL = YES;
				CLANG_ANALYZER_NUMBER_OBJECT_CONVERSION = YES_AGGRESSIVE;
				CLANG_CXX_LANGUAGE_STANDARD = "gnu++17";
				CLANG_CXX_LIBRARY = "libc++";
				CLANG_ENABLE_MODULES = YES;
				CLANG_ENABLE_OBJC_ARC = YES;
				CLANG_ENABLE_OBJC_WEAK = YES;
				CLANG_WARN_BLOCK_CAPTURE_AUTORELEASING = YES;
				CLANG_WARN_BOOL_CONVERSION = YES;
				CLANG_WARN_COMMA = YES;
				CLANG_WARN_CONSTANT_CONVERSION = YES;
				CLANG_WARN_DEPRECATED_OBJC_IMPLEMENTATIONS = YES;
				CLANG_WARN_DIRECT_OBJC_ISA_USAGE = YES_ERROR;
				CLANG_WARN_DOCUMENTATION_COMMENTS = YES;
				CLANG_WARN_EMPTY_BODY = YES;
				CLANG_WARN_ENUM_CONVERSION = YES;
				CLANG_WARN_INFINITE_RECURSION = YES;
				CLANG_WARN_INT_CONVERSION = YES;
				CLANG_WARN_NON_LITERAL_NULL_CONVERSION = YES;
				CLANG_WARN_OBJC_IMPLICIT_RETAIN_SELF = YES;
				CLANG_WARN_OBJC_LITERAL_CONVERSION = YES;
				CLANG_WARN_OBJC_ROOT_CLASS = YES_ERROR;
				CLANG_WARN_QUOTED_INCLUDE_IN_FRAMEWORK_HEADER = YES;
				CLANG_WARN_RANGE_LOOP_ANALYSIS = YES;
				CLANG_WARN_STRICT_PROTOTYPES = YES;
				CLANG_WARN_SUSPICIOUS_MOVE = YES;
				CLANG_WARN_UNGUARDED_AVAILABILITY = YES_AGGRESSIVE;
				CLANG_WARN_UNREACHABLE_CODE = YES;
				CLANG_WARN__DUPLICATE_METHOD_MATCH = YES;
				COPY_PHASE_STRIP = NO;
				DEBUG_INFORMATION_FORMAT = dwarf;
				ENABLE_STRICT_OBJC_MSGSEND = YES;
				ENABLE_TESTABILITY = YES;
				GCC_C_LANGUAGE_STANDARD = gnu11;
				GCC_DYNAMIC_NO_PIC = NO;
				GCC_NO_COMMON_BLOCKS = YES;
				GCC_OPTIMIZATION_LEVEL = 0;
				GCC_PREPROCESSOR_DEFINITIONS = (
					"DEBUG=1",
					"$(inherited)",
				);
				GCC_WARN_64_TO_32_BIT_CONVERSION = YES;
				GCC_WARN_ABOUT_RETURN_TYPE = YES_ERROR;
				GCC_WARN_UNDECLARED_SELECTOR = YES;
				GCC_WARN_UNINITIALIZED_AUTOS = YES_AGGRESSIVE;
				GCC_WARN_UNUSED_FUNCTION = YES;
				GCC_WARN_UNUSED_VARIABLE = YES;
				IPHONEOS_DEPLOYMENT_TARGET = 15.0;
				MTL_ENABLE_DEBUG_INFO = INCLUDE_SOURCE;
				MTL_FAST_MATH = YES;
				ONLY_ACTIVE_ARCH = YES;
				SDKROOT = iphoneos;
				SWIFT_ACTIVE_COMPILATION_CONDITIONS = DEBUG;
				SWIFT_OPTIMIZATION_LEVEL = "-Onone";
			};
			name = Debug;
		};
		554DA28828B8CA8E0026FF25 /* Release */ = {
			isa = XCBuildConfiguration;
			buildSettings = {
				ALWAYS_SEARCH_USER_PATHS = NO;
				CLANG_ANALYZER_NONNULL = YES;
				CLANG_ANALYZER_NUMBER_OBJECT_CONVERSION = YES_AGGRESSIVE;
				CLANG_CXX_LANGUAGE_STANDARD = "gnu++17";
				CLANG_CXX_LIBRARY = "libc++";
				CLANG_ENABLE_MODULES = YES;
				CLANG_ENABLE_OBJC_ARC = YES;
				CLANG_ENABLE_OBJC_WEAK = YES;
				CLANG_WARN_BLOCK_CAPTURE_AUTORELEASING = YES;
				CLANG_WARN_BOOL_CONVERSION = YES;
				CLANG_WARN_COMMA = YES;
				CLANG_WARN_CONSTANT_CONVERSION = YES;
				CLANG_WARN_DEPRECATED_OBJC_IMPLEMENTATIONS = YES;
				CLANG_WARN_DIRECT_OBJC_ISA_USAGE = YES_ERROR;
				CLANG_WARN_DOCUMENTATION_COMMENTS = YES;
				CLANG_WARN_EMPTY_BODY = YES;
				CLANG_WARN_ENUM_CONVERSION = YES;
				CLANG_WARN_INFINITE_RECURSION = YES;
				CLANG_WARN_INT_CONVERSION = YES;
				CLANG_WARN_NON_LITERAL_NULL_CONVERSION = YES;
				CLANG_WARN_OBJC_IMPLICIT_RETAIN_SELF = YES;
				CLANG_WARN_OBJC_LITERAL_CONVERSION = YES;
				CLANG_WARN_OBJC_ROOT_CLASS = YES_ERROR;
				CLANG_WARN_QUOTED_INCLUDE_IN_FRAMEWORK_HEADER = YES;
				CLANG_WARN_RANGE_LOOP_ANALYSIS = YES;
				CLANG_WARN_STRICT_PROTOTYPES = YES;
				CLANG_WARN_SUSPICIOUS_MOVE = YES;
				CLANG_WARN_UNGUARDED_AVAILABILITY = YES_AGGRESSIVE;
				CLANG_WARN_UNREACHABLE_CODE = YES;
				CLANG_WARN__DUPLICATE_METHOD_MATCH = YES;
				COPY_PHASE_STRIP = NO;
				DEBUG_INFORMATION_FORMAT = "dwarf-with-dsym";
				ENABLE_NS_ASSERTIONS = NO;
				ENABLE_STRICT_OBJC_MSGSEND = YES;
				GCC_C_LANGUAGE_STANDARD = gnu11;
				GCC_NO_COMMON_BLOCKS = YES;
				GCC_WARN_64_TO_32_BIT_CONVERSION = YES;
				GCC_WARN_ABOUT_RETURN_TYPE = YES_ERROR;
				GCC_WARN_UNDECLARED_SELECTOR = YES;
				GCC_WARN_UNINITIALIZED_AUTOS = YES_AGGRESSIVE;
				GCC_WARN_UNUSED_FUNCTION = YES;
				GCC_WARN_UNUSED_VARIABLE = YES;
				IPHONEOS_DEPLOYMENT_TARGET = 15.0;
				MTL_ENABLE_DEBUG_INFO = NO;
				MTL_FAST_MATH = YES;
				SDKROOT = iphoneos;
				SWIFT_COMPILATION_MODE = wholemodule;
				SWIFT_OPTIMIZATION_LEVEL = "-O";
				VALIDATE_PRODUCT = YES;
			};
			name = Release;
		};
		554DA28A28B8CA8E0026FF25 /* Debug */ = {
			isa = XCBuildConfiguration;
			baseConfigurationReference = 38849F9A4664085A3481A069 /* Pods-FinancePlanner.debug.xcconfig */;
			buildSettings = {
				ASSETCATALOG_COMPILER_APPICON_NAME = AppIcon;
				ASSETCATALOG_COMPILER_GLOBAL_ACCENT_COLOR_NAME = AccentColor;
				CODE_SIGN_STYLE = Automatic;
				CURRENT_PROJECT_VERSION = 1;
				DEVELOPMENT_TEAM = U5RGU39S5Y;
				GENERATE_INFOPLIST_FILE = YES;
				INFOPLIST_FILE = FinancePlanner/Info.plist;
				INFOPLIST_KEY_UIApplicationSupportsIndirectInputEvents = YES;
				INFOPLIST_KEY_UILaunchStoryboardName = LaunchScreen;
				INFOPLIST_KEY_UIMainStoryboardFile = Main;
				INFOPLIST_KEY_UISupportedInterfaceOrientations = "";
				INFOPLIST_KEY_UISupportedInterfaceOrientations_iPad = "UIInterfaceOrientationPortrait UIInterfaceOrientationPortraitUpsideDown UIInterfaceOrientationLandscapeLeft UIInterfaceOrientationLandscapeRight";
				INFOPLIST_KEY_UISupportedInterfaceOrientations_iPhone = "UIInterfaceOrientationPortrait UIInterfaceOrientationLandscapeLeft UIInterfaceOrientationLandscapeRight";
				LD_RUNPATH_SEARCH_PATHS = (
					"$(inherited)",
					"@executable_path/Frameworks",
				);
				MARKETING_VERSION = 1.0;
				PRODUCT_BUNDLE_IDENTIFIER = com.companyname.FinancePlanner;
				PRODUCT_NAME = "$(TARGET_NAME)";
				SWIFT_EMIT_LOC_STRINGS = YES;
				SWIFT_VERSION = 5.0;
				TARGETED_DEVICE_FAMILY = "1,2";
			};
			name = Debug;
		};
		554DA28B28B8CA8E0026FF25 /* Release */ = {
			isa = XCBuildConfiguration;
			baseConfigurationReference = A5B504AC8F7B236E3D0F3F15 /* Pods-FinancePlanner.release.xcconfig */;
			buildSettings = {
				ASSETCATALOG_COMPILER_APPICON_NAME = AppIcon;
				ASSETCATALOG_COMPILER_GLOBAL_ACCENT_COLOR_NAME = AccentColor;
				CODE_SIGN_STYLE = Automatic;
				CURRENT_PROJECT_VERSION = 1;
				DEVELOPMENT_TEAM = U5RGU39S5Y;
				GENERATE_INFOPLIST_FILE = YES;
				INFOPLIST_FILE = FinancePlanner/Info.plist;
				INFOPLIST_KEY_UIApplicationSupportsIndirectInputEvents = YES;
				INFOPLIST_KEY_UILaunchStoryboardName = LaunchScreen;
				INFOPLIST_KEY_UIMainStoryboardFile = Main;
				INFOPLIST_KEY_UISupportedInterfaceOrientations = "";
				INFOPLIST_KEY_UISupportedInterfaceOrientations_iPad = "UIInterfaceOrientationPortrait UIInterfaceOrientationPortraitUpsideDown UIInterfaceOrientationLandscapeLeft UIInterfaceOrientationLandscapeRight";
				INFOPLIST_KEY_UISupportedInterfaceOrientations_iPhone = "UIInterfaceOrientationPortrait UIInterfaceOrientationLandscapeLeft UIInterfaceOrientationLandscapeRight";
				LD_RUNPATH_SEARCH_PATHS = (
					"$(inherited)",
					"@executable_path/Frameworks",
				);
				MARKETING_VERSION = 1.0;
				PRODUCT_BUNDLE_IDENTIFIER = com.companyname.FinancePlanner;
				PRODUCT_NAME = "$(TARGET_NAME)";
				SWIFT_EMIT_LOC_STRINGS = YES;
				SWIFT_VERSION = 5.0;
				TARGETED_DEVICE_FAMILY = "1,2";
			};
			name = Release;
		};
/* End XCBuildConfiguration section */

/* Begin XCConfigurationList section */
		554DA27028B8CA8A0026FF25 /* Build configuration list for PBXProject "FinancePlanner" */ = {
			isa = XCConfigurationList;
			buildConfigurations = (
				554DA28728B8CA8E0026FF25 /* Debug */,
				554DA28828B8CA8E0026FF25 /* Release */,
			);
			defaultConfigurationIsVisible = 0;
			defaultConfigurationName = Release;
		};
		554DA28928B8CA8E0026FF25 /* Build configuration list for PBXNativeTarget "FinancePlanner" */ = {
			isa = XCConfigurationList;
			buildConfigurations = (
				554DA28A28B8CA8E0026FF25 /* Debug */,
				554DA28B28B8CA8E0026FF25 /* Release */,
			);
			defaultConfigurationIsVisible = 0;
			defaultConfigurationName = Release;
		};
/* End XCConfigurationList section */
	};
	rootObject = 554DA26D28B8CA8A0026FF25 /* Project object */;
}
